
Microsoft Visual Studio Solution File, Format Version 12.00
# Visual Studio Version 16
VisualStudioVersion = 16.0.29613.14
MinimumVisualStudioVersion = 10.0.40219.1
Project("{FAE04EC0-301F-11D3-BF4B-00C04F79EFBC}") = "Capacitacion-SOLID", "Capacitacion-SOLID\Capacitacion-SOLID.csproj", "{28402526-16FF-4894-8070-E248F150313B}"
EndProject
Global
	GlobalSection(SolutionConfigurationPlatforms) = preSolution
		Debug|Any CPU = Debug|Any CPU
		Release|Any CPU = Release|Any CPU
	EndGlobalSection
	GlobalSection(ProjectConfigurationPlatforms) = postSolution
		{28402526-16FF-4894-8070-E248F150313B}.Debug|Any CPU.ActiveCfg = Debug|Any CPU
		{28402526-16FF-4894-8070-E248F150313B}.Debug|Any CPU.Build.0 = Debug|Any CPU
		{28402526-16FF-4894-8070-E248F150313B}.Release|Any CPU.ActiveCfg = Release|Any CPU
		{28402526-16FF-4894-8070-E248F150313B}.Release|Any CPU.Build.0 = Release|Any CPU
	EndGlobalSection
	GlobalSection(SolutionProperties) = preSolution
		HideSolutionNode = FALSE
	EndGlobalSection
	GlobalSection(ExtensibilityGlobals) = postSolution
		SolutionGuid = {BF14206C-F1FC-4CD7-845A-345A35554EBF}
	EndGlobalSection
EndGlobal
